
Microsoft Visual Studio Solution File, Format Version 12.00
# Visual Studio 2012
Project("{FAE04EC0-301F-11D3-BF4B-00C04F79EFBC}") = "GifViewer", "GifViewer\GifViewer.csproj", "{C9797532-CD39-4629-B1C5-EBC8062C11C3}"
EndProject
Global
	GlobalSection(SolutionConfigurationPlatforms) = preSolution
		Debug|Any CPU = Debug|Any CPU
		Release|Any CPU = Release|Any CPU
	EndGlobalSection
	GlobalSection(ProjectConfigurationPlatforms) = postSolution
		{C9797532-CD39-4629-B1C5-EBC8062C11C3}.Debug|Any CPU.ActiveCfg = Debug|Any CPU
		{C9797532-CD39-4629-B1C5-EBC8062C11C3}.Debug|Any CPU.Build.0 = Debug|Any CPU
		{C9797532-CD39-4629-B1C5-EBC8062C11C3}.Release|Any CPU.ActiveCfg = Release|Any CPU
		{C9797532-CD39-4629-B1C5-EBC8062C11C3}.Release|Any CPU.Build.0 = Release|Any CPU
	EndGlobalSection
EndGlobal
